
Microsoft Visual Studio Solution File, Format Version 12.00
# Visual Studio Version 16
VisualStudioVersion = 16.0.809.0
MinimumVisualStudioVersion = 10.0.40219.1
Project("{FAE04EC0-301F-11D3-BF4B-00C04F79EFBC}") = "draw-gh", "draw-gh.csproj", "{F937B754-243C-488B-8E7A-6BB946A6A001}"
EndProject
Global
	GlobalSection(SolutionConfigurationPlatforms) = preSolution
		Debug|Any CPU = Debug|Any CPU
		Release|Any CPU = Release|Any CPU
	EndGlobalSection
	GlobalSection(ProjectConfigurationPlatforms) = postSolution
		{F937B754-243C-488B-8E7A-6BB946A6A001}.Debug|Any CPU.ActiveCfg = Debug|Any CPU
		{F937B754-243C-488B-8E7A-6BB946A6A001}.Debug|Any CPU.Build.0 = Debug|Any CPU
		{F937B754-243C-488B-8E7A-6BB946A6A001}.Release|Any CPU.ActiveCfg = Release|Any CPU
		{F937B754-243C-488B-8E7A-6BB946A6A001}.Release|Any CPU.Build.0 = Release|Any CPU
	EndGlobalSection
	GlobalSection(SolutionProperties) = preSolution
		HideSolutionNode = FALSE
	EndGlobalSection
	GlobalSection(ExtensibilityGlobals) = postSolution
		SolutionGuid = {5473F3B1-854D-4554-90F6-CD5E547F2D84}
	EndGlobalSection
	GlobalSection(MonoDevelopProperties) = preSolution
		Policies = $0
		$0.DotNetNamingPolicy = $1
		$1.DirectoryNamespaceAssociation = PrefixedHierarchical
		$0.TextStylePolicy = $2
		$2.inheritsSet = null
		$2.scope = text/x-csharp
		$0.CSharpFormattingPolicy = $3
		$3.scope = text/x-csharp
		$0.TextStylePolicy = $4
		$4.FileWidth = 80
		$4.TabsToSpaces = True
		$4.scope = text/plain
		$0.StandardHeader = $5
		$0.VersionControlPolicy = $6
	EndGlobalSection
EndGlobal
